// !$*UTF8*$!
{
	archiveVersion = 1;
	classes = {
	};
	objectVersion = 46;
	objects = {

/* Begin PBXBuildFile section */
		DA7925AD1F2839DA004B8088 /* main.m in Sources */ = {isa = PBXBuildFile; fileRef = DA7925AC1F2839DA004B8088 /* main.m */; };
		DA7925B71F283A0B004B8088 /* Student.m in Sources */ = {isa = PBXBuildFile; fileRef = DA7925B41F283A0B004B8088 /* Student.m */; };
		DA7925B81F283A0B004B8088 /* ZClass.m in Sources */ = {isa = PBXBuildFile; fileRef = DA7925B61F283A0B004B8088 /* ZClass.m */; };
		DA7925BB1F283A13004B8088 /* NSObject+DictionaryToModel.m in Sources */ = {isa = PBXBuildFile; fileRef = DA7925BA1F283A13004B8088 /* NSObject+DictionaryToModel.m */; };
/* End PBXBuildFile section */

/* Begin PBXCopyFilesBuildPhase section */
		DA7925A71F2839DA004B8088 /* CopyFiles */ = {
			isa = PBXCopyFilesBuildPhase;
			buildActionMask = 2147483647;
			dstPath = /usr/share/man/man1/;
			dstSubfolderSpec = 0;
			files = (
			);
			runOnlyForDeploymentPostprocessing = 1;
		};
/* End PBXCopyFilesBuildPhase section */

/* Begin PBXFileReference section */
		DA7925A91F2839DA004B8088 /* RuntimeDictToModel */ = {isa = PBXFileReference; explicitFileType = "compiled.mach-o.executable"; includeInIndex = 0; path = RuntimeDictToModel; sourceTree = BUILT_PRODUCTS_DIR; };
		DA7925AC1F2839DA004B8088 /* main.m */ = {isa = PBXFileReference; lastKnownFileType = sourcecode.c.objc; path = main.m; sourceTree = "<group>"; };
		DA7925B31F283A0B004B8088 /* Student.h */ = {isa = PBXFileReference; fileEncoding = 4; lastKnownFileType = sourcecode.c.h; path = Student.h; sourceTree = "<group>"; };
		DA7925B41F283A0B004B8088 /* Student.m */ = {isa = PBXFileReference; fileEncoding = 4; lastKnownFileType = sourcecode.c.objc; path = Student.m; sourceTree = "<group>"; };
		DA7925B51F283A0B004B8088 /* ZClass.h */ = {isa = PBXFileReference; fileEncoding = 4; lastKnownFileType = sourcecode.c.h; path = ZClass.h; sourceTree = "<group>"; };
		DA7925B61F283A0B004B8088 /* ZClass.m */ = {isa = PBXFileReference; fileEncoding = 4; lastKnownFileType = sourcecode.c.objc; path = ZClass.m; sourceTree = "<group>"; };
		DA7925B91F283A13004B8088 /* NSObject+DictionaryToModel.h */ = {isa = PBXFileReference; fileEncoding = 4; lastKnownFileType = sourcecode.c.h; path = "NSObject+DictionaryToModel.h"; sourceTree = "<group>"; };
		DA7925BA1F283A13004B8088 /* NSObject+DictionaryToModel.m */ = {isa = PBXFileReference; fileEncoding = 4; lastKnownFileType = sourcecode.c.objc; path = "NSObject+DictionaryToModel.m"; sourceTree = "<group>"; };
/* End PBXFileReference section */

/* Begin PBXFrameworksBuildPhase section */
		DA7925A61F2839DA004B8088 /* Frameworks */ = {
			isa = PBXFrameworksBuildPhase;
			buildActionMask = 2147483647;
			files = (
			);
			runOnlyForDeploymentPostprocessing = 0;
		};
/* End PBXFrameworksBuildPhase section */

/* Begin PBXGroup section */
		DA7925A01F2839DA004B8088 = {
			isa = PBXGroup;
			children = (
				DA7925AB1F2839DA004B8088 /* RuntimeDictToModel */,
				DA7925AA1F2839DA004B8088 /* Products */,
			);
			sourceTree = "<group>";
		};
		DA7925AA1F2839DA004B8088 /* Products */ = {
			isa = PBXGroup;
			children = (
				DA7925A91F2839DA004B8088 /* RuntimeDictToModel */,
			);
			name = Products;
			sourceTree = "<group>";
		};
		DA7925AB1F2839DA004B8088 /* RuntimeDictToModel */ = {
			isa = PBXGroup;
			children = (
				DA7925AC1F2839DA004B8088 /* main.m */,
				DA7925B31F283A0B004B8088 /* Student.h */,
				DA7925B41F283A0B004B8088 /* Student.m */,
				DA7925B51F283A0B004B8088 /* ZClass.h */,
				DA7925B61F283A0B004B8088 /* ZClass.m */,
				DA7925B91F283A13004B8088 /* NSObject+DictionaryToModel.h */,
				DA7925BA1F283A13004B8088 /* NSObject+DictionaryToModel.m */,
			);
			path = RuntimeDictToModel;
			sourceTree = "<group>";
		};
/* End PBXGroup section */

/* Begin PBXNativeTarget section */
		DA7925A81F2839DA004B8088 /* RuntimeDictToModel */ = {
			isa = PBXNativeTarget;
			buildConfigurationList = DA7925B01F2839DA004B8088 /* Build configuration list for PBXNativeTarget "RuntimeDictToModel" */;
			buildPhases = (
				DA7925A51F2839DA004B8088 /* Sources */,
				DA7925A61F2839DA004B8088 /* Frameworks */,
				DA7925A71F2839DA004B8088 /* CopyFiles */,
			);
			buildRules = (
			);
			dependencies = (
			);
			name = RuntimeDictToModel;
			productName = RuntimeDictToModel;
			productReference = DA7925A91F2839DA004B8088 /* RuntimeDictToModel */;
			productType = "com.apple.product-type.tool";
		};
/* End PBXNativeTarget section */

/* Begin PBXProject section */
		DA7925A11F2839DA004B8088 /* Project object */ = {
			isa = PBXProject;
			attributes = {
				LastUpgradeCheck = 0830;
				ORGANIZATIONNAME = Jixin.com;
				TargetAttributes = {
					DA7925A81F2839DA004B8088 = {
						CreatedOnToolsVersion = 8.3.2;
						DevelopmentTeam = 4RTMSXL9KV;
						ProvisioningStyle = Automatic;
					};
				};
			};
			buildConfigurationList = DA7925A41F2839DA004B8088 /* Build configuration list for PBXProject "RuntimeDictToModel" */;
			compatibilityVersion = "Xcode 3.2";
			developmentRegion = English;
			hasScannedForEncodings = 0;
			knownRegions = (
				en,
			);
			mainGroup = DA7925A01F2839DA004B8088;
			productRefGroup = DA7925AA1F2839DA004B8088 /* Products */;
			projectDirPath = "";
			projectRoot = "";
			targets = (
				DA7925A81F2839DA004B8088 /* RuntimeDictToModel */,
			);
		};
/* End PBXProject section */

/* Begin PBXSourcesBuildPhase section */
		DA7925A51F2839DA004B8088 /* Sources */ = {
			isa = PBXSourcesBuildPhase;
			buildActionMask = 2147483647;
			files = (
				DA7925BB1F283A13004B8088 /* NSObject+DictionaryToModel.m in Sources */,
				DA7925AD1F2839DA004B8088 /* main.m in Sources */,
				DA7925B71F283A0B004B8088 /* Student.m in Sources */,
				DA7925B81F283A0B004B8088 /* ZClass.m in Sources */,
			);
			runOnlyForDeploymentPostprocessing = 0;
		};
/* End PBXSourcesBuildPhase section */

/* Begin XCBuildConfiguration section */
		DA7925AE1F2839DA004B8088 /* Debug */ = {
			isa = XCBuildConfiguration;
			buildSettings = {
				ALWAYS_SEARCH_USER_PATHS = NO;
				CLANG_ANALYZER_NONNULL = YES;
				CLANG_ANALYZER_NUMBER_OBJECT_CONVERSION = YES_AGGRESSIVE;
				CLANG_CXX_LANGUAGE_STANDARD = "gnu++0x";
				CLANG_CXX_LIBRARY = "libc++";
				CLANG_ENABLE_MODULES = YES;
				CLANG_ENABLE_OBJC_ARC = YES;
				CLANG_WARN_BOOL_CONVERSION = YES;
				CLANG_WARN_CONSTANT_CONVERSION = YES;
				CLANG_WARN_DIRECT_OBJC_ISA_USAGE = YES_ERROR;
				CLANG_WARN_DOCUMENTATION_COMMENTS = YES;
				CLANG_WARN_EMPTY_BODY = YES;
				CLANG_WARN_ENUM_CONVERSION = YES;
				CLANG_WARN_INFINITE_RECURSION = YES;
				CLANG_WARN_INT_CONVERSION = YES;
				CLANG_WARN_OBJC_ROOT_CLASS = YES_ERROR;
				CLANG_WARN_SUSPICIOUS_MOVE = YES;
				CLANG_WARN_UNREACHABLE_CODE = YES;
				CLANG_WARN__DUPLICATE_METHOD_MATCH = YES;
				CODE_SIGN_IDENTITY = "-";
				COPY_PHASE_STRIP = NO;
				DEBUG_INFORMATION_FORMAT = dwarf;
				ENABLE_STRICT_OBJC_MSGSEND = YES;
				ENABLE_TESTABILITY = YES;
				GCC_C_LANGUAGE_STANDARD = gnu99;
				GCC_DYNAMIC_NO_PIC = NO;
				GCC_NO_COMMON_BLOCKS = YES;
				GCC_OPTIMIZATION_LEVEL = 0;
				GCC_PREPROCESSOR_DEFINITIONS = (
					"DEBUG=1",
					"$(inherited)",
				);
				GCC_WARN_64_TO_32_BIT_CONVERSION = YES;
				GCC_WARN_ABOUT_RETURN_TYPE = YES_ERROR;
				GCC_WARN_UNDECLARED_SELECTOR = YES;
				GCC_WARN_UNINITIALIZED_AUTOS = YES_AGGRESSIVE;
				GCC_WARN_UNUSED_FUNCTION = YES;
				GCC_WARN_UNUSED_VARIABLE = YES;
				MACOSX_DEPLOYMENT_TARGET = 10.12;
				MTL_ENABLE_DEBUG_INFO = YES;
				ONLY_ACTIVE_ARCH = YES;
				SDKROOT = macosx;
			};
			name = Debug;
		};
		DA7925AF1F2839DA004B8088 /* Release */ = {
			isa = XCBuildConfiguration;
			buildSettings = {
				ALWAYS_SEARCH_USER_PATHS = NO;
				CLANG_ANALYZER_NONNULL = YES;
				CLANG_ANALYZER_NUMBER_OBJECT_CONVERSION = YES_AGGRESSIVE;
				CLANG_CXX_LANGUAGE_STANDARD = "gnu++0x";
				CLANG_CXX_LIBRARY = "libc++";
				CLANG_ENABLE_MODULES = YES;
				CLANG_ENABLE_OBJC_ARC = YES;
				CLANG_WARN_BOOL_CONVERSION = YES;
				CLANG_WARN_CONSTANT_CONVERSION = YES;
				CLANG_WARN_DIRECT_OBJC_ISA_USAGE = YES_ERROR;
				CLANG_WARN_DOCUMENTATION_COMMENTS = YES;
				CLANG_WARN_EMPTY_BODY = YES;
				CLANG_WARN_ENUM_CONVERSION = YES;
				CLANG_WARN_INFINITE_RECURSION = YES;
				CLANG_WARN_INT_CONVERSION = YES;
				CLANG_WARN_OBJC_ROOT_CLASS = YES_ERROR;
				CLANG_WARN_SUSPICIOUS_MOVE = YES;
				CLANG_WARN_UNREACHABLE_CODE = YES;
				CLANG_WARN__DUPLICATE_METHOD_MATCH = YES;
				CODE_SIGN_IDENTITY = "-";
				COPY_PHASE_STRIP = NO;
				DEBUG_INFORMATION_FORMAT = "dwarf-with-dsym";
				ENABLE_NS_ASSERTIONS = NO;
				ENABLE_STRICT_OBJC_MSGSEND = YES;
				GCC_C_LANGUAGE_STANDARD = gnu99;
				GCC_NO_COMMON_BLOCKS = YES;
				GCC_WARN_64_TO_32_BIT_CONVERSION = YES;
				GCC_WARN_ABOUT_RETURN_TYPE = YES_ERROR;
				GCC_WARN_UNDECLARED_SELECTOR = YES;
				GCC_WARN_UNINITIALIZED_AUTOS = YES_AGGRESSIVE;
				GCC_WARN_UNUSED_FUNCTION = YES;
				GCC_WARN_UNUSED_VARIABLE = YES;
				MACOSX_DEPLOYMENT_TARGET = 10.12;
				MTL_ENABLE_DEBUG_INFO = NO;
				SDKROOT = macosx;
			};
			name = Release;
		};
		DA7925B11F2839DA004B8088 /* Debug */ = {
			isa = XCBuildConfiguration;
			buildSettings = {
				DEVELOPMENT_TEAM = 4RTMSXL9KV;
				PRODUCT_NAME = "$(TARGET_NAME)";
			};
			name = Debug;
		};
		DA7925B21F2839DA004B8088 /* Release */ = {
			isa = XCBuildConfiguration;
			buildSettings = {
				DEVELOPMENT_TEAM = 4RTMSXL9KV;
				PRODUCT_NAME = "$(TARGET_NAME)";
			};
			name = Release;
		};
/* End XCBuildConfiguration section */

/* Begin XCConfigurationList section */
		DA7925A41F2839DA004B8088 /* Build configuration list for PBXProject "RuntimeDictToModel" */ = {
			isa = XCConfigurationList;
			buildConfigurations = (
				DA7925AE1F2839DA004B8088 /* Debug */,
				DA7925AF1F2839DA004B8088 /* Release */,
			);
			defaultConfigurationIsVisible = 0;
			defaultConfigurationName = Release;
		};
		DA7925B01F2839DA004B8088 /* Build configuration list for PBXNativeTarget "RuntimeDictToModel" */ = {
			isa = XCConfigurationList;
			buildConfigurations = (
				DA7925B11F2839DA004B8088 /* Debug */,
				DA7925B21F2839DA004B8088 /* Release */,
			);
			defaultConfigurationIsVisible = 0;
		};
/* End XCConfigurationList section */
	};
	rootObject = DA7925A11F2839DA004B8088 /* Project object */;
}
